
Microsoft Visual Studio Solution File, Format Version 12.00
# Visual Studio 2013
VisualStudioVersion = 12.0.31101.0
MinimumVisualStudioVersion = 10.0.40219.1
Project("{FAE04EC0-301F-11D3-BF4B-00C04F79EFBC}") = "Bootcamp2015.AmazingRace", "Bootcamp2015-AmazingRace\Bootcamp2015.AmazingRace.csproj", "{2A293FDA-A504-4000-B179-B911DECD3B32}"
EndProject
Project("{FAE04EC0-301F-11D3-BF4B-00C04F79EFBC}") = "Bootcamp2015.AmazingRace.Base", "Bootcamp2015.AmazingRace.Base\Bootcamp2015.AmazingRace.Base.csproj", "{58BA43C5-0DC9-4AF1-9EE6-4B8F7453C560}"
EndProject
Project("{FAE04EC0-301F-11D3-BF4B-00C04F79EFBC}") = "Bootcamp2015.AmazingRace.BackgroundTask", "Bootcamp2015.AmazingRace.BackgroundTask\Bootcamp2015.AmazingRace.BackgroundTask.csproj", "{CA6EAD3D-8E98-47B5-BF38-3D079E9D2BE4}"
EndProject
Global
	GlobalSection(SolutionConfigurationPlatforms) = preSolution
		Debug|Any CPU = Debug|Any CPU
		Debug|ARM = Debug|ARM
		Debug|x86 = Debug|x86
		Release|Any CPU = Release|Any CPU
		Release|ARM = Release|ARM
		Release|x86 = Release|x86
	EndGlobalSection
	GlobalSection(ProjectConfigurationPlatforms) = postSolution
		{2A293FDA-A504-4000-B179-B911DECD3B32}.Debug|Any CPU.ActiveCfg = Debug|Any CPU
		{2A293FDA-A504-4000-B179-B911DECD3B32}.Debug|Any CPU.Build.0 = Debug|Any CPU
		{2A293FDA-A504-4000-B179-B911DECD3B32}.Debug|Any CPU.Deploy.0 = Debug|Any CPU
		{2A293FDA-A504-4000-B179-B911DECD3B32}.Debug|ARM.ActiveCfg = Debug|ARM
		{2A293FDA-A504-4000-B179-B911DECD3B32}.Debug|ARM.Build.0 = Debug|ARM
		{2A293FDA-A504-4000-B179-B911DECD3B32}.Debug|ARM.Deploy.0 = Debug|ARM
		{2A293FDA-A504-4000-B179-B911DECD3B32}.Debug|x86.ActiveCfg = Debug|x86
		{2A293FDA-A504-4000-B179-B911DECD3B32}.Debug|x86.Build.0 = Debug|x86
		{2A293FDA-A504-4000-B179-B911DECD3B32}.Debug|x86.Deploy.0 = Debug|x86
		{2A293FDA-A504-4000-B179-B911DECD3B32}.Release|Any CPU.ActiveCfg = Release|Any CPU
		{2A293FDA-A504-4000-B179-B911DECD3B32}.Release|Any CPU.Build.0 = Release|Any CPU
		{2A293FDA-A504-4000-B179-B911DECD3B32}.Release|Any CPU.Deploy.0 = Release|Any CPU
		{2A293FDA-A504-4000-B179-B911DECD3B32}.Release|ARM.ActiveCfg = Release|ARM
		{2A293FDA-A504-4000-B179-B911DECD3B32}.Release|ARM.Build.0 = Release|ARM
		{2A293FDA-A504-4000-B179-B911DECD3B32}.Release|ARM.Deploy.0 = Release|ARM
		{2A293FDA-A504-4000-B179-B911DECD3B32}.Release|x86.ActiveCfg = Release|x86
		{2A293FDA-A504-4000-B179-B911DECD3B32}.Release|x86.Build.0 = Release|x86
		{2A293FDA-A504-4000-B179-B911DECD3B32}.Release|x86.Deploy.0 = Release|x86
		{58BA43C5-0DC9-4AF1-9EE6-4B8F7453C560}.Debug|Any CPU.ActiveCfg = Debug|Any CPU
		{58BA43C5-0DC9-4AF1-9EE6-4B8F7453C560}.Debug|Any CPU.Build.0 = Debug|Any CPU
		{58BA43C5-0DC9-4AF1-9EE6-4B8F7453C560}.Debug|ARM.ActiveCfg = Debug|ARM
		{58BA43C5-0DC9-4AF1-9EE6-4B8F7453C560}.Debug|ARM.Build.0 = Debug|ARM
		{58BA43C5-0DC9-4AF1-9EE6-4B8F7453C560}.Debug|x86.ActiveCfg = Debug|x86
		{58BA43C5-0DC9-4AF1-9EE6-4B8F7453C560}.Debug|x86.Build.0 = Debug|x86
		{58BA43C5-0DC9-4AF1-9EE6-4B8F7453C560}.Release|Any CPU.ActiveCfg = Release|Any CPU
		{58BA43C5-0DC9-4AF1-9EE6-4B8F7453C560}.Release|Any CPU.Build.0 = Release|Any CPU
		{58BA43C5-0DC9-4AF1-9EE6-4B8F7453C560}.Release|ARM.ActiveCfg = Release|ARM
		{58BA43C5-0DC9-4AF1-9EE6-4B8F7453C560}.Release|ARM.Build.0 = Release|ARM
		{58BA43C5-0DC9-4AF1-9EE6-4B8F7453C560}.Release|x86.ActiveCfg = Release|x86
		{58BA43C5-0DC9-4AF1-9EE6-4B8F7453C560}.Release|x86.Build.0 = Release|x86
		{CA6EAD3D-8E98-47B5-BF38-3D079E9D2BE4}.Debug|Any CPU.ActiveCfg = Debug|Any CPU
		{CA6EAD3D-8E98-47B5-BF38-3D079E9D2BE4}.Debug|Any CPU.Build.0 = Debug|Any CPU
		{CA6EAD3D-8E98-47B5-BF38-3D079E9D2BE4}.Debug|ARM.ActiveCfg = Debug|ARM
		{CA6EAD3D-8E98-47B5-BF38-3D079E9D2BE4}.Debug|ARM.Build.0 = Debug|ARM
		{CA6EAD3D-8E98-47B5-BF38-3D079E9D2BE4}.Debug|x86.ActiveCfg = Debug|x86
		{CA6EAD3D-8E98-47B5-BF38-3D079E9D2BE4}.Debug|x86.Build.0 = Debug|x86
		{CA6EAD3D-8E98-47B5-BF38-3D079E9D2BE4}.Release|Any CPU.ActiveCfg = Release|Any CPU
		{CA6EAD3D-8E98-47B5-BF38-3D079E9D2BE4}.Release|Any CPU.Build.0 = Release|Any CPU
		{CA6EAD3D-8E98-47B5-BF38-3D079E9D2BE4}.Release|ARM.ActiveCfg = Release|ARM
		{CA6EAD3D-8E98-47B5-BF38-3D079E9D2BE4}.Release|ARM.Build.0 = Release|ARM
		{CA6EAD3D-8E98-47B5-BF38-3D079E9D2BE4}.Release|x86.ActiveCfg = Release|x86
		{CA6EAD3D-8E98-47B5-BF38-3D079E9D2BE4}.Release|x86.Build.0 = Release|x86
	EndGlobalSection
	GlobalSection(SolutionProperties) = preSolution
		HideSolutionNode = FALSE
	EndGlobalSection
EndGlobal
